// !$*UTF8*$!
{
	archiveVersion = 1;
	classes = {
	};
	objectVersion = 51;
	objects = {

/* Begin PBXBuildFile section */
		50065BE82497ABD8001DF16F /* UIKitExtensions.swift in Sources */ = {isa = PBXBuildFile; fileRef = 50065BE72497ABD8001DF16F /* UIKitExtensions.swift */; };
		5060795C2497A2390005BB14 /* BaseViewController.swift in Sources */ = {isa = PBXBuildFile; fileRef = 5060795B2497A2390005BB14 /* BaseViewController.swift */; };
		5060795E2497A2B10005BB14 /* BaseNavigationController.swift in Sources */ = {isa = PBXBuildFile; fileRef = 5060795D2497A2B10005BB14 /* BaseNavigationController.swift */; };
		506079602497A6CE0005BB14 /* BaseViewModel.swift in Sources */ = {isa = PBXBuildFile; fileRef = 5060795F2497A6CE0005BB14 /* BaseViewModel.swift */; };
		506079632497A7440005BB14 /* TabbarViewController.swift in Sources */ = {isa = PBXBuildFile; fileRef = 506079622497A7440005BB14 /* TabbarViewController.swift */; };
		506079652497A9270005BB14 /* FeaturedViewController.swift in Sources */ = {isa = PBXBuildFile; fileRef = 506079642497A9270005BB14 /* FeaturedViewController.swift */; };
		506079692497A9590005BB14 /* UIPreviewer.swift in Sources */ = {isa = PBXBuildFile; fileRef = 506079682497A9590005BB14 /* UIPreviewer.swift */; };
		5060796C2497A9940005BB14 /* FeaturedViewModel.swift in Sources */ = {isa = PBXBuildFile; fileRef = 5060796B2497A9940005BB14 /* FeaturedViewModel.swift */; };
		50840C4B24979F5B008BFAAA /* AppDelegate.swift in Sources */ = {isa = PBXBuildFile; fileRef = 50840C4A24979F5B008BFAAA /* AppDelegate.swift */; };
		50840C5424979F5E008BFAAA /* Assets.xcassets in Resources */ = {isa = PBXBuildFile; fileRef = 50840C5324979F5E008BFAAA /* Assets.xcassets */; };
		50840C5724979F5E008BFAAA /* LaunchScreen.storyboard in Resources */ = {isa = PBXBuildFile; fileRef = 50840C5524979F5E008BFAAA /* LaunchScreen.storyboard */; };
		50840C6224979F5E008BFAAA /* FlickrDemoTests.swift in Sources */ = {isa = PBXBuildFile; fileRef = 50840C6124979F5E008BFAAA /* FlickrDemoTests.swift */; };
		7FA9997F3E5E518BAA90485E /* Pods_FlickrDemoTests.framework in Frameworks */ = {isa = PBXBuildFile; fileRef = 1D2902048B027B18AA02FE13 /* Pods_FlickrDemoTests.framework */; };
		C961228D0DF4E9700DA534E2 /* Pods_FlickrDemo.framework in Frameworks */ = {isa = PBXBuildFile; fileRef = 13E34A5C325FB3B20D660E34 /* Pods_FlickrDemo.framework */; };
/* End PBXBuildFile section */

/* Begin PBXContainerItemProxy section */
		50840C5E24979F5E008BFAAA /* PBXContainerItemProxy */ = {
			isa = PBXContainerItemProxy;
			containerPortal = 50840C3F24979F5B008BFAAA /* Project object */;
			proxyType = 1;
			remoteGlobalIDString = 50840C4624979F5B008BFAAA;
			remoteInfo = FlickrDemo;
		};
/* End PBXContainerItemProxy section */

/* Begin PBXFileReference section */
		13E34A5C325FB3B20D660E34 /* Pods_FlickrDemo.framework */ = {isa = PBXFileReference; explicitFileType = wrapper.framework; includeInIndex = 0; path = Pods_FlickrDemo.framework; sourceTree = BUILT_PRODUCTS_DIR; };
		1D2902048B027B18AA02FE13 /* Pods_FlickrDemoTests.framework */ = {isa = PBXFileReference; explicitFileType = wrapper.framework; includeInIndex = 0; path = Pods_FlickrDemoTests.framework; sourceTree = BUILT_PRODUCTS_DIR; };
		21E9F5A9854684E115000D5C /* Pods-FlickrDemo.debug.xcconfig */ = {isa = PBXFileReference; includeInIndex = 1; lastKnownFileType = text.xcconfig; name = "Pods-FlickrDemo.debug.xcconfig"; path = "Target Support Files/Pods-FlickrDemo/Pods-FlickrDemo.debug.xcconfig"; sourceTree = "<group>"; };
		2595BEF488E6E28AEDD6A8C4 /* Pods-FlickrDemoTests.debug.xcconfig */ = {isa = PBXFileReference; includeInIndex = 1; lastKnownFileType = text.xcconfig; name = "Pods-FlickrDemoTests.debug.xcconfig"; path = "Target Support Files/Pods-FlickrDemoTests/Pods-FlickrDemoTests.debug.xcconfig"; sourceTree = "<group>"; };
		50065BE72497ABD8001DF16F /* UIKitExtensions.swift */ = {isa = PBXFileReference; lastKnownFileType = sourcecode.swift; path = UIKitExtensions.swift; sourceTree = "<group>"; };
		5060795B2497A2390005BB14 /* BaseViewController.swift */ = {isa = PBXFileReference; lastKnownFileType = sourcecode.swift; path = BaseViewController.swift; sourceTree = "<group>"; };
		5060795D2497A2B10005BB14 /* BaseNavigationController.swift */ = {isa = PBXFileReference; lastKnownFileType = sourcecode.swift; path = BaseNavigationController.swift; sourceTree = "<group>"; };
		5060795F2497A6CE0005BB14 /* BaseViewModel.swift */ = {isa = PBXFileReference; lastKnownFileType = sourcecode.swift; path = BaseViewModel.swift; sourceTree = "<group>"; };
		506079622497A7440005BB14 /* TabbarViewController.swift */ = {isa = PBXFileReference; lastKnownFileType = sourcecode.swift; path = TabbarViewController.swift; sourceTree = "<group>"; };
		506079642497A9270005BB14 /* FeaturedViewController.swift */ = {isa = PBXFileReference; lastKnownFileType = sourcecode.swift; path = FeaturedViewController.swift; sourceTree = "<group>"; };
		506079682497A9590005BB14 /* UIPreviewer.swift */ = {isa = PBXFileReference; lastKnownFileType = sourcecode.swift; path = UIPreviewer.swift; sourceTree = "<group>"; };
		5060796B2497A9940005BB14 /* FeaturedViewModel.swift */ = {isa = PBXFileReference; lastKnownFileType = sourcecode.swift; path = FeaturedViewModel.swift; sourceTree = "<group>"; };
		50840C4724979F5B008BFAAA /* FlickrDemo.app */ = {isa = PBXFileReference; explicitFileType = wrapper.application; includeInIndex = 0; path = FlickrDemo.app; sourceTree = BUILT_PRODUCTS_DIR; };
		50840C4A24979F5B008BFAAA /* AppDelegate.swift */ = {isa = PBXFileReference; lastKnownFileType = sourcecode.swift; path = AppDelegate.swift; sourceTree = "<group>"; };
		50840C5324979F5E008BFAAA /* Assets.xcassets */ = {isa = PBXFileReference; lastKnownFileType = folder.assetcatalog; path = Assets.xcassets; sourceTree = "<group>"; };
		50840C5624979F5E008BFAAA /* Base */ = {isa = PBXFileReference; lastKnownFileType = file.storyboard; name = Base; path = Base.lproj/LaunchScreen.storyboard; sourceTree = "<group>"; };
		50840C5824979F5E008BFAAA /* Info.plist */ = {isa = PBXFileReference; lastKnownFileType = text.plist.xml; path = Info.plist; sourceTree = "<group>"; };
		50840C5D24979F5E008BFAAA /* FlickrDemoTests.xctest */ = {isa = PBXFileReference; explicitFileType = wrapper.cfbundle; includeInIndex = 0; path = FlickrDemoTests.xctest; sourceTree = BUILT_PRODUCTS_DIR; };
		50840C6124979F5E008BFAAA /* FlickrDemoTests.swift */ = {isa = PBXFileReference; lastKnownFileType = sourcecode.swift; path = FlickrDemoTests.swift; sourceTree = "<group>"; };
		50840C6324979F5E008BFAAA /* Info.plist */ = {isa = PBXFileReference; lastKnownFileType = text.plist.xml; path = Info.plist; sourceTree = "<group>"; };
		E58ED49D355E16C5FAADF016 /* Pods-FlickrDemo.release.xcconfig */ = {isa = PBXFileReference; includeInIndex = 1; lastKnownFileType = text.xcconfig; name = "Pods-FlickrDemo.release.xcconfig"; path = "Target Support Files/Pods-FlickrDemo/Pods-FlickrDemo.release.xcconfig"; sourceTree = "<group>"; };
		FF459A21A1953BC16D5C6303 /* Pods-FlickrDemoTests.release.xcconfig */ = {isa = PBXFileReference; includeInIndex = 1; lastKnownFileType = text.xcconfig; name = "Pods-FlickrDemoTests.release.xcconfig"; path = "Target Support Files/Pods-FlickrDemoTests/Pods-FlickrDemoTests.release.xcconfig"; sourceTree = "<group>"; };
/* End PBXFileReference section */

/* Begin PBXFrameworksBuildPhase section */
		50840C4424979F5B008BFAAA /* Frameworks */ = {
			isa = PBXFrameworksBuildPhase;
			buildActionMask = 2147483647;
			files = (
				C961228D0DF4E9700DA534E2 /* Pods_FlickrDemo.framework in Frameworks */,
			);
			runOnlyForDeploymentPostprocessing = 0;
		};
		50840C5A24979F5E008BFAAA /* Frameworks */ = {
			isa = PBXFrameworksBuildPhase;
			buildActionMask = 2147483647;
			files = (
				7FA9997F3E5E518BAA90485E /* Pods_FlickrDemoTests.framework in Frameworks */,
			);
			runOnlyForDeploymentPostprocessing = 0;
		};
/* End PBXFrameworksBuildPhase section */

/* Begin PBXGroup section */
		314B3C051455BEF930B01E79 /* Pods */ = {
			isa = PBXGroup;
			children = (
				21E9F5A9854684E115000D5C /* Pods-FlickrDemo.debug.xcconfig */,
				E58ED49D355E16C5FAADF016 /* Pods-FlickrDemo.release.xcconfig */,
				2595BEF488E6E28AEDD6A8C4 /* Pods-FlickrDemoTests.debug.xcconfig */,
				FF459A21A1953BC16D5C6303 /* Pods-FlickrDemoTests.release.xcconfig */,
			);
			path = Pods;
			sourceTree = "<group>";
		};
		50065BE62497ABC9001DF16F /* Extensions */ = {
			isa = PBXGroup;
			children = (
				50065BE72497ABD8001DF16F /* UIKitExtensions.swift */,
			);
			path = Extensions;
			sourceTree = "<group>";
		};
		506079592497A0FC0005BB14 /* Resource */ = {
			isa = PBXGroup;
			children = (
				50840C5324979F5E008BFAAA /* Assets.xcassets */,
				50840C5524979F5E008BFAAA /* LaunchScreen.storyboard */,
			);
			path = Resource;
			sourceTree = "<group>";
		};
		5060795A2497A10E0005BB14 /* Base */ = {
			isa = PBXGroup;
			children = (
				5060795B2497A2390005BB14 /* BaseViewController.swift */,
				5060795D2497A2B10005BB14 /* BaseNavigationController.swift */,
				5060795F2497A6CE0005BB14 /* BaseViewModel.swift */,
				506079682497A9590005BB14 /* UIPreviewer.swift */,
			);
			path = Base;
			sourceTree = "<group>";
		};
		506079612497A72F0005BB14 /* Main */ = {
			isa = PBXGroup;
			children = (
				506079622497A7440005BB14 /* TabbarViewController.swift */,
				506079662497A92A0005BB14 /* Featured */,
			);
			path = Main;
			sourceTree = "<group>";
		};
		506079662497A92A0005BB14 /* Featured */ = {
			isa = PBXGroup;
			children = (
				506079672497A9330005BB14 /* View */,
				5060796A2497A9850005BB14 /* ViewModel */,
			);
			path = Featured;
			sourceTree = "<group>";
		};
		506079672497A9330005BB14 /* View */ = {
			isa = PBXGroup;
			children = (
				506079642497A9270005BB14 /* FeaturedViewController.swift */,
			);
			path = View;
			sourceTree = "<group>";
		};
		5060796A2497A9850005BB14 /* ViewModel */ = {
			isa = PBXGroup;
			children = (
				5060796B2497A9940005BB14 /* FeaturedViewModel.swift */,
			);
			path = ViewModel;
			sourceTree = "<group>";
		};
		50840C3E24979F5B008BFAAA = {
			isa = PBXGroup;
			children = (
				50840C4924979F5B008BFAAA /* FlickrDemo */,
				50840C6024979F5E008BFAAA /* FlickrDemoTests */,
				50840C4824979F5B008BFAAA /* Products */,
				314B3C051455BEF930B01E79 /* Pods */,
				97C50D2B4E6F42D116F2FC06 /* Frameworks */,
			);
			sourceTree = "<group>";
		};
		50840C4824979F5B008BFAAA /* Products */ = {
			isa = PBXGroup;
			children = (
				50840C4724979F5B008BFAAA /* FlickrDemo.app */,
				50840C5D24979F5E008BFAAA /* FlickrDemoTests.xctest */,
			);
			name = Products;
			sourceTree = "<group>";
		};
		50840C4924979F5B008BFAAA /* FlickrDemo */ = {
			isa = PBXGroup;
			children = (
				50840C4A24979F5B008BFAAA /* AppDelegate.swift */,
				50840C5824979F5E008BFAAA /* Info.plist */,
				506079592497A0FC0005BB14 /* Resource */,
				5060795A2497A10E0005BB14 /* Base */,
				506079612497A72F0005BB14 /* Main */,
				50065BE62497ABC9001DF16F /* Extensions */,
			);
			path = FlickrDemo;
			sourceTree = "<group>";
		};
		50840C6024979F5E008BFAAA /* FlickrDemoTests */ = {
			isa = PBXGroup;
			children = (
				50840C6124979F5E008BFAAA /* FlickrDemoTests.swift */,
				50840C6324979F5E008BFAAA /* Info.plist */,
			);
			path = FlickrDemoTests;
			sourceTree = "<group>";
		};
		97C50D2B4E6F42D116F2FC06 /* Frameworks */ = {
			isa = PBXGroup;
			children = (
				13E34A5C325FB3B20D660E34 /* Pods_FlickrDemo.framework */,
				1D2902048B027B18AA02FE13 /* Pods_FlickrDemoTests.framework */,
			);
			name = Frameworks;
			sourceTree = "<group>";
		};
/* End PBXGroup section */

/* Begin PBXNativeTarget section */
		50840C4624979F5B008BFAAA /* FlickrDemo */ = {
			isa = PBXNativeTarget;
			buildConfigurationList = 50840C6624979F5E008BFAAA /* Build configuration list for PBXNativeTarget "FlickrDemo" */;
			buildPhases = (
				BD8749000DEDA09A57AE4F2E /* [CP] Check Pods Manifest.lock */,
				50840C4324979F5B008BFAAA /* Sources */,
				50840C4424979F5B008BFAAA /* Frameworks */,
				50840C4524979F5B008BFAAA /* Resources */,
				D440B7CCA1631F7E27DCFB13 /* [CP] Embed Pods Frameworks */,
			);
			buildRules = (
			);
			dependencies = (
			);
			name = FlickrDemo;
			productName = FlickrDemo;
			productReference = 50840C4724979F5B008BFAAA /* FlickrDemo.app */;
			productType = "com.apple.product-type.application";
		};
		50840C5C24979F5E008BFAAA /* FlickrDemoTests */ = {
			isa = PBXNativeTarget;
			buildConfigurationList = 50840C6924979F5E008BFAAA /* Build configuration list for PBXNativeTarget "FlickrDemoTests" */;
			buildPhases = (
				DF5D28D8664B20E5E73F1D6B /* [CP] Check Pods Manifest.lock */,
				50840C5924979F5E008BFAAA /* Sources */,
				50840C5A24979F5E008BFAAA /* Frameworks */,
				50840C5B24979F5E008BFAAA /* Resources */,
			);
			buildRules = (
			);
			dependencies = (
				50840C5F24979F5E008BFAAA /* PBXTargetDependency */,
			);
			name = FlickrDemoTests;
			productName = FlickrDemoTests;
			productReference = 50840C5D24979F5E008BFAAA /* FlickrDemoTests.xctest */;
			productType = "com.apple.product-type.bundle.unit-test";
		};
/* End PBXNativeTarget section */

/* Begin PBXProject section */
		50840C3F24979F5B008BFAAA /* Project object */ = {
			isa = PBXProject;
			attributes = {
				LastSwiftUpdateCheck = 1140;
				LastUpgradeCheck = 1140;
				ORGANIZATIONNAME = ohlulu;
				TargetAttributes = {
					50840C4624979F5B008BFAAA = {
						CreatedOnToolsVersion = 11.4.1;
					};
					50840C5C24979F5E008BFAAA = {
						CreatedOnToolsVersion = 11.4.1;
						TestTargetID = 50840C4624979F5B008BFAAA;
					};
				};
			};
			buildConfigurationList = 50840C4224979F5B008BFAAA /* Build configuration list for PBXProject "FlickrDemo" */;
			compatibilityVersion = "Xcode 9.3";
			developmentRegion = en;
			hasScannedForEncodings = 0;
			knownRegions = (
				en,
				Base,
			);
			mainGroup = 50840C3E24979F5B008BFAAA;
			productRefGroup = 50840C4824979F5B008BFAAA /* Products */;
			projectDirPath = "";
			projectRoot = "";
			targets = (
				50840C4624979F5B008BFAAA /* FlickrDemo */,
				50840C5C24979F5E008BFAAA /* FlickrDemoTests */,
			);
		};
/* End PBXProject section */

/* Begin PBXResourcesBuildPhase section */
		50840C4524979F5B008BFAAA /* Resources */ = {
			isa = PBXResourcesBuildPhase;
			buildActionMask = 2147483647;
			files = (
				50840C5724979F5E008BFAAA /* LaunchScreen.storyboard in Resources */,
				50840C5424979F5E008BFAAA /* Assets.xcassets in Resources */,
			);
			runOnlyForDeploymentPostprocessing = 0;
		};
		50840C5B24979F5E008BFAAA /* Resources */ = {
			isa = PBXResourcesBuildPhase;
			buildActionMask = 2147483647;
			files = (
			);
			runOnlyForDeploymentPostprocessing = 0;
		};
/* End PBXResourcesBuildPhase section */

/* Begin PBXShellScriptBuildPhase section */
		BD8749000DEDA09A57AE4F2E /* [CP] Check Pods Manifest.lock */ = {
			isa = PBXShellScriptBuildPhase;
			buildActionMask = 2147483647;
			files = (
			);
			inputFileListPaths = (
			);
			inputPaths = (
				"${PODS_PODFILE_DIR_PATH}/Podfile.lock",
				"${PODS_ROOT}/Manifest.lock",
			);
			name = "[CP] Check Pods Manifest.lock";
			outputFileListPaths = (
			);
			outputPaths = (
				"$(DERIVED_FILE_DIR)/Pods-FlickrDemo-checkManifestLockResult.txt",
			);
			runOnlyForDeploymentPostprocessing = 0;
			shellPath = /bin/sh;
			shellScript = "diff \"${PODS_PODFILE_DIR_PATH}/Podfile.lock\" \"${PODS_ROOT}/Manifest.lock\" > /dev/null\nif [ $? != 0 ] ; then\n    # print error to STDERR\n    echo \"error: The sandbox is not in sync with the Podfile.lock. Run 'pod install' or update your CocoaPods installation.\" >&2\n    exit 1\nfi\n# This output is used by Xcode 'outputs' to avoid re-running this script phase.\necho \"SUCCESS\" > \"${SCRIPT_OUTPUT_FILE_0}\"\n";
			showEnvVarsInLog = 0;
		};
		D440B7CCA1631F7E27DCFB13 /* [CP] Embed Pods Frameworks */ = {
			isa = PBXShellScriptBuildPhase;
			buildActionMask = 2147483647;
			files = (
			);
			inputFileListPaths = (
				"${PODS_ROOT}/Target Support Files/Pods-FlickrDemo/Pods-FlickrDemo-frameworks-${CONFIGURATION}-input-files.xcfilelist",
			);
			name = "[CP] Embed Pods Frameworks";
			outputFileListPaths = (
				"${PODS_ROOT}/Target Support Files/Pods-FlickrDemo/Pods-FlickrDemo-frameworks-${CONFIGURATION}-output-files.xcfilelist",
			);
			runOnlyForDeploymentPostprocessing = 0;
			shellPath = /bin/sh;
			shellScript = "\"${PODS_ROOT}/Target Support Files/Pods-FlickrDemo/Pods-FlickrDemo-frameworks.sh\"\n";
			showEnvVarsInLog = 0;
		};
		DF5D28D8664B20E5E73F1D6B /* [CP] Check Pods Manifest.lock */ = {
			isa = PBXShellScriptBuildPhase;
			buildActionMask = 2147483647;
			files = (
			);
			inputFileListPaths = (
			);
			inputPaths = (
				"${PODS_PODFILE_DIR_PATH}/Podfile.lock",
				"${PODS_ROOT}/Manifest.lock",
			);
			name = "[CP] Check Pods Manifest.lock";
			outputFileListPaths = (
			);
			outputPaths = (
				"$(DERIVED_FILE_DIR)/Pods-FlickrDemoTests-checkManifestLockResult.txt",
			);
			runOnlyForDeploymentPostprocessing = 0;
			shellPath = /bin/sh;
			shellScript = "diff \"${PODS_PODFILE_DIR_PATH}/Podfile.lock\" \"${PODS_ROOT}/Manifest.lock\" > /dev/null\nif [ $? != 0 ] ; then\n    # print error to STDERR\n    echo \"error: The sandbox is not in sync with the Podfile.lock. Run 'pod install' or update your CocoaPods installation.\" >&2\n    exit 1\nfi\n# This output is used by Xcode 'outputs' to avoid re-running this script phase.\necho \"SUCCESS\" > \"${SCRIPT_OUTPUT_FILE_0}\"\n";
			showEnvVarsInLog = 0;
		};
/* End PBXShellScriptBuildPhase section */

/* Begin PBXSourcesBuildPhase section */
		50840C4324979F5B008BFAAA /* Sources */ = {
			isa = PBXSourcesBuildPhase;
			buildActionMask = 2147483647;
			files = (
				50065BE82497ABD8001DF16F /* UIKitExtensions.swift in Sources */,
				50840C4B24979F5B008BFAAA /* AppDelegate.swift in Sources */,
				506079602497A6CE0005BB14 /* BaseViewModel.swift in Sources */,
				5060795C2497A2390005BB14 /* BaseViewController.swift in Sources */,
				506079632497A7440005BB14 /* TabbarViewController.swift in Sources */,
				506079652497A9270005BB14 /* FeaturedViewController.swift in Sources */,
				5060795E2497A2B10005BB14 /* BaseNavigationController.swift in Sources */,
				5060796C2497A9940005BB14 /* FeaturedViewModel.swift in Sources */,
				506079692497A9590005BB14 /* UIPreviewer.swift in Sources */,
			);
			runOnlyForDeploymentPostprocessing = 0;
		};
		50840C5924979F5E008BFAAA /* Sources */ = {
			isa = PBXSourcesBuildPhase;
			buildActionMask = 2147483647;
			files = (
				50840C6224979F5E008BFAAA /* FlickrDemoTests.swift in Sources */,
			);
			runOnlyForDeploymentPostprocessing = 0;
		};
/* End PBXSourcesBuildPhase section */

/* Begin PBXTargetDependency section */
		50840C5F24979F5E008BFAAA /* PBXTargetDependency */ = {
			isa = PBXTargetDependency;
			target = 50840C4624979F5B008BFAAA /* FlickrDemo */;
			targetProxy = 50840C5E24979F5E008BFAAA /* PBXContainerItemProxy */;
		};
/* End PBXTargetDependency section */

/* Begin PBXVariantGroup section */
		50840C5524979F5E008BFAAA /* LaunchScreen.storyboard */ = {
			isa = PBXVariantGroup;
			children = (
				50840C5624979F5E008BFAAA /* Base */,
			);
			name = LaunchScreen.storyboard;
			sourceTree = "<group>";
		};
/* End PBXVariantGroup section */

/* Begin XCBuildConfiguration section */
		50840C6424979F5E008BFAAA /* Debug */ = {
			isa = XCBuildConfiguration;
			buildSettings = {
				ALWAYS_SEARCH_USER_PATHS = NO;
				CLANG_ANALYZER_NONNULL = YES;
				CLANG_ANALYZER_NUMBER_OBJECT_CONVERSION = YES_AGGRESSIVE;
				CLANG_CXX_LANGUAGE_STANDARD = "gnu++14";
				CLANG_CXX_LIBRARY = "libc++";
				CLANG_ENABLE_MODULES = YES;
				CLANG_ENABLE_OBJC_ARC = YES;
				CLANG_ENABLE_OBJC_WEAK = YES;
				CLANG_WARN_BLOCK_CAPTURE_AUTORELEASING = YES;
				CLANG_WARN_BOOL_CONVERSION = YES;
				CLANG_WARN_COMMA = YES;
				CLANG_WARN_CONSTANT_CONVERSION = YES;
				CLANG_WARN_DEPRECATED_OBJC_IMPLEMENTATIONS = YES;
				CLANG_WARN_DIRECT_OBJC_ISA_USAGE = YES_ERROR;
				CLANG_WARN_DOCUMENTATION_COMMENTS = YES;
				CLANG_WARN_EMPTY_BODY = YES;
				CLANG_WARN_ENUM_CONVERSION = YES;
				CLANG_WARN_INFINITE_RECURSION = YES;
				CLANG_WARN_INT_CONVERSION = YES;
				CLANG_WARN_NON_LITERAL_NULL_CONVERSION = YES;
				CLANG_WARN_OBJC_IMPLICIT_RETAIN_SELF = YES;
				CLANG_WARN_OBJC_LITERAL_CONVERSION = YES;
				CLANG_WARN_OBJC_ROOT_CLASS = YES_ERROR;
				CLANG_WARN_RANGE_LOOP_ANALYSIS = YES;
				CLANG_WARN_STRICT_PROTOTYPES = YES;
				CLANG_WARN_SUSPICIOUS_MOVE = YES;
				CLANG_WARN_UNGUARDED_AVAILABILITY = YES_AGGRESSIVE;
				CLANG_WARN_UNREACHABLE_CODE = YES;
				CLANG_WARN__DUPLICATE_METHOD_MATCH = YES;
				COPY_PHASE_STRIP = NO;
				DEBUG_INFORMATION_FORMAT = dwarf;
				ENABLE_STRICT_OBJC_MSGSEND = YES;
				ENABLE_TESTABILITY = YES;
				GCC_C_LANGUAGE_STANDARD = gnu11;
				GCC_DYNAMIC_NO_PIC = NO;
				GCC_NO_COMMON_BLOCKS = YES;
				GCC_OPTIMIZATION_LEVEL = 0;
				GCC_PREPROCESSOR_DEFINITIONS = (
					"DEBUG=1",
					"$(inherited)",
				);
				GCC_WARN_64_TO_32_BIT_CONVERSION = YES;
				GCC_WARN_ABOUT_RETURN_TYPE = YES_ERROR;
				GCC_WARN_UNDECLARED_SELECTOR = YES;
				GCC_WARN_UNINITIALIZED_AUTOS = YES_AGGRESSIVE;
				GCC_WARN_UNUSED_FUNCTION = YES;
				GCC_WARN_UNUSED_VARIABLE = YES;
				IPHONEOS_DEPLOYMENT_TARGET = 13.4;
				MTL_ENABLE_DEBUG_INFO = INCLUDE_SOURCE;
				MTL_FAST_MATH = YES;
				ONLY_ACTIVE_ARCH = YES;
				SDKROOT = iphoneos;
				SWIFT_ACTIVE_COMPILATION_CONDITIONS = DEBUG;
				SWIFT_OPTIMIZATION_LEVEL = "-Onone";
			};
			name = Debug;
		};
		50840C6524979F5E008BFAAA /* Release */ = {
			isa = XCBuildConfiguration;
			buildSettings = {
				ALWAYS_SEARCH_USER_PATHS = NO;
				CLANG_ANALYZER_NONNULL = YES;
				CLANG_ANALYZER_NUMBER_OBJECT_CONVERSION = YES_AGGRESSIVE;
				CLANG_CXX_LANGUAGE_STANDARD = "gnu++14";
				CLANG_CXX_LIBRARY = "libc++";
				CLANG_ENABLE_MODULES = YES;
				CLANG_ENABLE_OBJC_ARC = YES;
				CLANG_ENABLE_OBJC_WEAK = YES;
				CLANG_WARN_BLOCK_CAPTURE_AUTORELEASING = YES;
				CLANG_WARN_BOOL_CONVERSION = YES;
				CLANG_WARN_COMMA = YES;
				CLANG_WARN_CONSTANT_CONVERSION = YES;
				CLANG_WARN_DEPRECATED_OBJC_IMPLEMENTATIONS = YES;
				CLANG_WARN_DIRECT_OBJC_ISA_USAGE = YES_ERROR;
				CLANG_WARN_DOCUMENTATION_COMMENTS = YES;
				CLANG_WARN_EMPTY_BODY = YES;
				CLANG_WARN_ENUM_CONVERSION = YES;
				CLANG_WARN_INFINITE_RECURSION = YES;
				CLANG_WARN_INT_CONVERSION = YES;
				CLANG_WARN_NON_LITERAL_NULL_CONVERSION = YES;
				CLANG_WARN_OBJC_IMPLICIT_RETAIN_SELF = YES;
				CLANG_WARN_OBJC_LITERAL_CONVERSION = YES;
				CLANG_WARN_OBJC_ROOT_CLASS = YES_ERROR;
				CLANG_WARN_RANGE_LOOP_ANALYSIS = YES;
				CLANG_WARN_STRICT_PROTOTYPES = YES;
				CLANG_WARN_SUSPICIOUS_MOVE = YES;
				CLANG_WARN_UNGUARDED_AVAILABILITY = YES_AGGRESSIVE;
				CLANG_WARN_UNREACHABLE_CODE = YES;
				CLANG_WARN__DUPLICATE_METHOD_MATCH = YES;
				COPY_PHASE_STRIP = NO;
				DEBUG_INFORMATION_FORMAT = "dwarf-with-dsym";
				ENABLE_NS_ASSERTIONS = NO;
				ENABLE_STRICT_OBJC_MSGSEND = YES;
				GCC_C_LANGUAGE_STANDARD = gnu11;
				GCC_NO_COMMON_BLOCKS = YES;
				GCC_WARN_64_TO_32_BIT_CONVERSION = YES;
				GCC_WARN_ABOUT_RETURN_TYPE = YES_ERROR;
				GCC_WARN_UNDECLARED_SELECTOR = YES;
				GCC_WARN_UNINITIALIZED_AUTOS = YES_AGGRESSIVE;
				GCC_WARN_UNUSED_FUNCTION = YES;
				GCC_WARN_UNUSED_VARIABLE = YES;
				IPHONEOS_DEPLOYMENT_TARGET = 13.4;
				MTL_ENABLE_DEBUG_INFO = NO;
				MTL_FAST_MATH = YES;
				SDKROOT = iphoneos;
				SWIFT_COMPILATION_MODE = wholemodule;
				SWIFT_OPTIMIZATION_LEVEL = "-O";
				VALIDATE_PRODUCT = YES;
			};
			name = Release;
		};
		50840C6724979F5E008BFAAA /* Debug */ = {
			isa = XCBuildConfiguration;
			baseConfigurationReference = 21E9F5A9854684E115000D5C /* Pods-FlickrDemo.debug.xcconfig */;
			buildSettings = {
				ASSETCATALOG_COMPILER_APPICON_NAME = AppIcon;
				CODE_SIGN_STYLE = Automatic;
				DEVELOPMENT_TEAM = TSTQSY2TJN;
				INFOPLIST_FILE = FlickrDemo/Info.plist;
				IPHONEOS_DEPLOYMENT_TARGET = 11.0;
				LD_RUNPATH_SEARCH_PATHS = (
					"$(inherited)",
					"@executable_path/Frameworks",
				);
				PRODUCT_BUNDLE_IDENTIFIER = com.ohlulu.FlickrDemo;
				PRODUCT_NAME = "$(TARGET_NAME)";
				SWIFT_VERSION = 5.0;
				TARGETED_DEVICE_FAMILY = 1;
			};
			name = Debug;
		};
		50840C6824979F5E008BFAAA /* Release */ = {
			isa = XCBuildConfiguration;
			baseConfigurationReference = E58ED49D355E16C5FAADF016 /* Pods-FlickrDemo.release.xcconfig */;
			buildSettings = {
				ASSETCATALOG_COMPILER_APPICON_NAME = AppIcon;
				CODE_SIGN_STYLE = Automatic;
				DEVELOPMENT_TEAM = TSTQSY2TJN;
				INFOPLIST_FILE = FlickrDemo/Info.plist;
				IPHONEOS_DEPLOYMENT_TARGET = 11.0;
				LD_RUNPATH_SEARCH_PATHS = (
					"$(inherited)",
					"@executable_path/Frameworks",
				);
				PRODUCT_BUNDLE_IDENTIFIER = com.ohlulu.FlickrDemo;
				PRODUCT_NAME = "$(TARGET_NAME)";
				SWIFT_VERSION = 5.0;
				TARGETED_DEVICE_FAMILY = 1;
			};
			name = Release;
		};
		50840C6A24979F5E008BFAAA /* Debug */ = {
			isa = XCBuildConfiguration;
			baseConfigurationReference = 2595BEF488E6E28AEDD6A8C4 /* Pods-FlickrDemoTests.debug.xcconfig */;
			buildSettings = {
				ALWAYS_EMBED_SWIFT_STANDARD_LIBRARIES = YES;
				BUNDLE_LOADER = "$(TEST_HOST)";
				CODE_SIGN_STYLE = Automatic;
				DEVELOPMENT_TEAM = TSTQSY2TJN;
				INFOPLIST_FILE = FlickrDemoTests/Info.plist;
				IPHONEOS_DEPLOYMENT_TARGET = 13.4;
				LD_RUNPATH_SEARCH_PATHS = (
					"$(inherited)",
					"@executable_path/Frameworks",
					"@loader_path/Frameworks",
				);
				PRODUCT_BUNDLE_IDENTIFIER = com.ohlulu.FlickrDemoTests;
				PRODUCT_NAME = "$(TARGET_NAME)";
				SWIFT_VERSION = 5.0;
				TARGETED_DEVICE_FAMILY = "1,2";
				TEST_HOST = "$(BUILT_PRODUCTS_DIR)/FlickrDemo.app/FlickrDemo";
			};
			name = Debug;
		};
		50840C6B24979F5E008BFAAA /* Release */ = {
			isa = XCBuildConfiguration;
			baseConfigurationReference = FF459A21A1953BC16D5C6303 /* Pods-FlickrDemoTests.release.xcconfig */;
			buildSettings = {
				ALWAYS_EMBED_SWIFT_STANDARD_LIBRARIES = YES;
				BUNDLE_LOADER = "$(TEST_HOST)";
				CODE_SIGN_STYLE = Automatic;
				DEVELOPMENT_TEAM = TSTQSY2TJN;
				INFOPLIST_FILE = FlickrDemoTests/Info.plist;
				IPHONEOS_DEPLOYMENT_TARGET = 13.4;
				LD_RUNPATH_SEARCH_PATHS = (
					"$(inherited)",
					"@executable_path/Frameworks",
					"@loader_path/Frameworks",
				);
				PRODUCT_BUNDLE_IDENTIFIER = com.ohlulu.FlickrDemoTests;
				PRODUCT_NAME = "$(TARGET_NAME)";
				SWIFT_VERSION = 5.0;
				TARGETED_DEVICE_FAMILY = "1,2";
				TEST_HOST = "$(BUILT_PRODUCTS_DIR)/FlickrDemo.app/FlickrDemo";
			};
			name = Release;
		};
/* End XCBuildConfiguration section */

/* Begin XCConfigurationList section */
		50840C4224979F5B008BFAAA /* Build configuration list for PBXProject "FlickrDemo" */ = {
			isa = XCConfigurationList;
			buildConfigurations = (
				50840C6424979F5E008BFAAA /* Debug */,
				50840C6524979F5E008BFAAA /* Release */,
			);
			defaultConfigurationIsVisible = 0;
			defaultConfigurationName = Release;
		};
		50840C6624979F5E008BFAAA /* Build configuration list for PBXNativeTarget "FlickrDemo" */ = {
			isa = XCConfigurationList;
			buildConfigurations = (
				50840C6724979F5E008BFAAA /* Debug */,
				50840C6824979F5E008BFAAA /* Release */,
			);
			defaultConfigurationIsVisible = 0;
			defaultConfigurationName = Release;
		};
		50840C6924979F5E008BFAAA /* Build configuration list for PBXNativeTarget "FlickrDemoTests" */ = {
			isa = XCConfigurationList;
			buildConfigurations = (
				50840C6A24979F5E008BFAAA /* Debug */,
				50840C6B24979F5E008BFAAA /* Release */,
			);
			defaultConfigurationIsVisible = 0;
			defaultConfigurationName = Release;
		};
/* End XCConfigurationList section */
	};
	rootObject = 50840C3F24979F5B008BFAAA /* Project object */;
}
